// !$*UTF8*$!
{
	archiveVersion = 1;
	classes = {
	};
	objectVersion = 46;
	objects = {

/* Begin PBXBuildFile section */
		771A05E01B6F781D00552816 /* main.m in Sources */ = {isa = PBXBuildFile; fileRef = 771A05DF1B6F781D00552816 /* main.m */; };
		771A05E31B6F781D00552816 /* AppDelegate.m in Sources */ = {isa = PBXBuildFile; fileRef = 771A05E21B6F781D00552816 /* AppDelegate.m */; };
		771A05E91B6F781D00552816 /* Main.storyboard in Resources */ = {isa = PBXBuildFile; fileRef = 771A05E71B6F781D00552816 /* Main.storyboard */; };
		771A05EE1B6F781D00552816 /* LaunchScreen.xib in Resources */ = {isa = PBXBuildFile; fileRef = 771A05EC1B6F781D00552816 /* LaunchScreen.xib */; };
		774A648B1B7BFD4E00C58E36 /* Localizable.strings in Resources */ = {isa = PBXBuildFile; fileRef = 774A648A1B7BFD4E00C58E36 /* Localizable.strings */; };
		774A648D1B7BFD7900C58E36 /* MusicInstruments.plist in Resources */ = {isa = PBXBuildFile; fileRef = 774A648C1B7BFD7900C58E36 /* MusicInstruments.plist */; };
		77CFE8D51B725446006A3CF5 /* Images.xcassets in Resources */ = {isa = PBXBuildFile; fileRef = 77CFE8D41B725446006A3CF5 /* Images.xcassets */; };
		77F754801B8F529500F7C08B /* APMusicalInstrument.m in Sources */ = {isa = PBXBuildFile; fileRef = 77F7547F1B8F529500F7C08B /* APMusicalInstrument.m */; };
		77F754901B8F53E000F7C08B /* APMusicalInstrumentsManager.m in Sources */ = {isa = PBXBuildFile; fileRef = 77F754831B8F53E000F7C08B /* APMusicalInstrumentsManager.m */; };
		77F754911B8F53E000F7C08B /* APMusicalInstrunemtFactory.m in Sources */ = {isa = PBXBuildFile; fileRef = 77F754861B8F53E000F7C08B /* APMusicalInstrunemtFactory.m */; };
		77F754921B8F53E000F7C08B /* APMusicalInstrunemtValidator.m in Sources */ = {isa = PBXBuildFile; fileRef = 77F754891B8F53E000F7C08B /* APMusicalInstrunemtValidator.m */; };
		77F754931B8F53E000F7C08B /* APMusicInstrumentsDataSource.m in Sources */ = {isa = PBXBuildFile; fileRef = 77F7548C1B8F53E000F7C08B /* APMusicInstrumentsDataSource.m */; };
		77F754941B8F53E000F7C08B /* NSFileManager+APMusicalInstrumentsManager.m in Sources */ = {isa = PBXBuildFile; fileRef = 77F7548F1B8F53E000F7C08B /* NSFileManager+APMusicalInstrumentsManager.m */; };
		77F754AD1B8F560800F7C08B /* UIImage+StudyingMusicalInstruments.m in Sources */ = {isa = PBXBuildFile; fileRef = 77F754981B8F560800F7C08B /* UIImage+StudyingMusicalInstruments.m */; };
		77F754AE1B8F560800F7C08B /* APAddMusicalInstrumentViewController.m in Sources */ = {isa = PBXBuildFile; fileRef = 77F7549C1B8F560800F7C08B /* APAddMusicalInstrumentViewController.m */; };
		77F754AF1B8F560800F7C08B /* APMusicalInstrumentsCollectionViewController.m in Sources */ = {isa = PBXBuildFile; fileRef = 77F7549F1B8F560800F7C08B /* APMusicalInstrumentsCollectionViewController.m */; };
		77F754B01B8F560800F7C08B /* APMusicalInstrunemtsContainerController.m in Sources */ = {isa = PBXBuildFile; fileRef = 77F754A21B8F560800F7C08B /* APMusicalInstrunemtsContainerController.m */; };
		77F754B11B8F560800F7C08B /* APMusicalInstrunemtsTableViewController.m in Sources */ = {isa = PBXBuildFile; fileRef = 77F754A51B8F560800F7C08B /* APMusicalInstrunemtsTableViewController.m */; };
		77F754B21B8F560800F7C08B /* APMusicalInstrumentCollectionCell.m in Sources */ = {isa = PBXBuildFile; fileRef = 77F754A91B8F560800F7C08B /* APMusicalInstrumentCollectionCell.m */; };
		77F754B31B8F560800F7C08B /* APMusicalInstrumentTableCell.m in Sources */ = {isa = PBXBuildFile; fileRef = 77F754AC1B8F560800F7C08B /* APMusicalInstrumentTableCell.m */; };
/* End PBXBuildFile section */

/* Begin PBXFileReference section */
		771A05DA1B6F781D00552816 /* StudyingMusicalInstruments.app */ = {isa = PBXFileReference; explicitFileType = wrapper.application; includeInIndex = 0; path = StudyingMusicalInstruments.app; sourceTree = BUILT_PRODUCTS_DIR; };
		771A05DE1B6F781D00552816 /* Info.plist */ = {isa = PBXFileReference; lastKnownFileType = text.plist.xml; path = Info.plist; sourceTree = "<group>"; };
		771A05DF1B6F781D00552816 /* main.m */ = {isa = PBXFileReference; lastKnownFileType = sourcecode.c.objc; path = main.m; sourceTree = "<group>"; };
		771A05E11B6F781D00552816 /* AppDelegate.h */ = {isa = PBXFileReference; lastKnownFileType = sourcecode.c.h; path = AppDelegate.h; sourceTree = "<group>"; };
		771A05E21B6F781D00552816 /* AppDelegate.m */ = {isa = PBXFileReference; lastKnownFileType = sourcecode.c.objc; path = AppDelegate.m; sourceTree = "<group>"; };
		771A05E81B6F781D00552816 /* Base */ = {isa = PBXFileReference; lastKnownFileType = file.storyboard; name = Base; path = Base.lproj/Main.storyboard; sourceTree = "<group>"; };
		771A05ED1B6F781D00552816 /* Base */ = {isa = PBXFileReference; lastKnownFileType = file.xib; name = Base; path = Base.lproj/LaunchScreen.xib; sourceTree = "<group>"; };
		774A648A1B7BFD4E00C58E36 /* Localizable.strings */ = {isa = PBXFileReference; fileEncoding = 4; lastKnownFileType = text.plist.strings; path = Localizable.strings; sourceTree = "<group>"; };
		774A648C1B7BFD7900C58E36 /* MusicInstruments.plist */ = {isa = PBXFileReference; fileEncoding = 4; lastKnownFileType = text.plist.xml; path = MusicInstruments.plist; sourceTree = "<group>"; };
		77CFE8D41B725446006A3CF5 /* Images.xcassets */ = {isa = PBXFileReference; lastKnownFileType = folder.assetcatalog; path = Images.xcassets; sourceTree = "<group>"; };
		77F7547E1B8F529500F7C08B /* APMusicalInstrument.h */ = {isa = PBXFileReference; fileEncoding = 4; lastKnownFileType = sourcecode.c.h; path = APMusicalInstrument.h; sourceTree = "<group>"; };
		77F7547F1B8F529500F7C08B /* APMusicalInstrument.m */ = {isa = PBXFileReference; fileEncoding = 4; lastKnownFileType = sourcecode.c.objc; path = APMusicalInstrument.m; sourceTree = "<group>"; };
		77F754821B8F53E000F7C08B /* APMusicalInstrumentsManager.h */ = {isa = PBXFileReference; fileEncoding = 4; lastKnownFileType = sourcecode.c.h; path = APMusicalInstrumentsManager.h; sourceTree = "<group>"; };
		77F754831B8F53E000F7C08B /* APMusicalInstrumentsManager.m */ = {isa = PBXFileReference; fileEncoding = 4; lastKnownFileType = sourcecode.c.objc; path = APMusicalInstrumentsManager.m; sourceTree = "<group>"; };
		77F754851B8F53E000F7C08B /* APMusicalInstrunemtFactory.h */ = {isa = PBXFileReference; fileEncoding = 4; lastKnownFileType = sourcecode.c.h; path = APMusicalInstrunemtFactory.h; sourceTree = "<group>"; };
		77F754861B8F53E000F7C08B /* APMusicalInstrunemtFactory.m */ = {isa = PBXFileReference; fileEncoding = 4; lastKnownFileType = sourcecode.c.objc; path = APMusicalInstrunemtFactory.m; sourceTree = "<group>"; };
		77F754881B8F53E000F7C08B /* APMusicalInstrunemtValidator.h */ = {isa = PBXFileReference; fileEncoding = 4; lastKnownFileType = sourcecode.c.h; path = APMusicalInstrunemtValidator.h; sourceTree = "<group>"; };
		77F754891B8F53E000F7C08B /* APMusicalInstrunemtValidator.m */ = {isa = PBXFileReference; fileEncoding = 4; lastKnownFileType = sourcecode.c.objc; path = APMusicalInstrunemtValidator.m; sourceTree = "<group>"; };
		77F7548B1B8F53E000F7C08B /* APMusicInstrumentsDataSource.h */ = {isa = PBXFileReference; fileEncoding = 4; lastKnownFileType = sourcecode.c.h; path = APMusicInstrumentsDataSource.h; sourceTree = "<group>"; };
		77F7548C1B8F53E000F7C08B /* APMusicInstrumentsDataSource.m */ = {isa = PBXFileReference; fileEncoding = 4; lastKnownFileType = sourcecode.c.objc; path = APMusicInstrumentsDataSource.m; sourceTree = "<group>"; };
		77F7548E1B8F53E000F7C08B /* NSFileManager+APMusicalInstrumentsManager.h */ = {isa = PBXFileReference; fileEncoding = 4; lastKnownFileType = sourcecode.c.h; path = "NSFileManager+APMusicalInstrumentsManager.h"; sourceTree = "<group>"; };
		77F7548F1B8F53E000F7C08B /* NSFileManager+APMusicalInstrumentsManager.m */ = {isa = PBXFileReference; fileEncoding = 4; lastKnownFileType = sourcecode.c.objc; path = "NSFileManager+APMusicalInstrumentsManager.m"; sourceTree = "<group>"; };
		77F754971B8F560800F7C08B /* UIImage+StudyingMusicalInstruments.h */ = {isa = PBXFileReference; fileEncoding = 4; lastKnownFileType = sourcecode.c.h; path = "UIImage+StudyingMusicalInstruments.h"; sourceTree = "<group>"; };
		77F754981B8F560800F7C08B /* UIImage+StudyingMusicalInstruments.m */ = {isa = PBXFileReference; fileEncoding = 4; lastKnownFileType = sourcecode.c.objc; path = "UIImage+StudyingMusicalInstruments.m"; sourceTree = "<group>"; };
		77F7549B1B8F560800F7C08B /* APAddMusicalInstrumentViewController.h */ = {isa = PBXFileReference; fileEncoding = 4; lastKnownFileType = sourcecode.c.h; path = APAddMusicalInstrumentViewController.h; sourceTree = "<group>"; };
		77F7549C1B8F560800F7C08B /* APAddMusicalInstrumentViewController.m */ = {isa = PBXFileReference; fileEncoding = 4; lastKnownFileType = sourcecode.c.objc; path = APAddMusicalInstrumentViewController.m; sourceTree = "<group>"; };
		77F7549E1B8F560800F7C08B /* APMusicalInstrumentsCollectionViewController.h */ = {isa = PBXFileReference; fileEncoding = 4; lastKnownFileType = sourcecode.c.h; path = APMusicalInstrumentsCollectionViewController.h; sourceTree = "<group>"; };
		77F7549F1B8F560800F7C08B /* APMusicalInstrumentsCollectionViewController.m */ = {isa = PBXFileReference; fileEncoding = 4; lastKnownFileType = sourcecode.c.objc; path = APMusicalInstrumentsCollectionViewController.m; sourceTree = "<group>"; };
		77F754A11B8F560800F7C08B /* APMusicalInstrunemtsContainerController.h */ = {isa = PBXFileReference; fileEncoding = 4; lastKnownFileType = sourcecode.c.h; path = APMusicalInstrunemtsContainerController.h; sourceTree = "<group>"; };
		77F754A21B8F560800F7C08B /* APMusicalInstrunemtsContainerController.m */ = {isa = PBXFileReference; fileEncoding = 4; lastKnownFileType = sourcecode.c.objc; path = APMusicalInstrunemtsContainerController.m; sourceTree = "<group>"; };
		77F754A41B8F560800F7C08B /* APMusicalInstrunemtsTableViewController.h */ = {isa = PBXFileReference; fileEncoding = 4; lastKnownFileType = sourcecode.c.h; path = APMusicalInstrunemtsTableViewController.h; sourceTree = "<group>"; };
		77F754A51B8F560800F7C08B /* APMusicalInstrunemtsTableViewController.m */ = {isa = PBXFileReference; fileEncoding = 4; lastKnownFileType = sourcecode.c.objc; path = APMusicalInstrunemtsTableViewController.m; sourceTree = "<group>"; };
		77F754A81B8F560800F7C08B /* APMusicalInstrumentCollectionCell.h */ = {isa = PBXFileReference; fileEncoding = 4; lastKnownFileType = sourcecode.c.h; path = APMusicalInstrumentCollectionCell.h; sourceTree = "<group>"; };
		77F754A91B8F560800F7C08B /* APMusicalInstrumentCollectionCell.m */ = {isa = PBXFileReference; fileEncoding = 4; lastKnownFileType = sourcecode.c.objc; path = APMusicalInstrumentCollectionCell.m; sourceTree = "<group>"; };
		77F754AB1B8F560800F7C08B /* APMusicalInstrumentTableCell.h */ = {isa = PBXFileReference; fileEncoding = 4; lastKnownFileType = sourcecode.c.h; path = APMusicalInstrumentTableCell.h; sourceTree = "<group>"; };
		77F754AC1B8F560800F7C08B /* APMusicalInstrumentTableCell.m */ = {isa = PBXFileReference; fileEncoding = 4; lastKnownFileType = sourcecode.c.objc; path = APMusicalInstrumentTableCell.m; sourceTree = "<group>"; };
/* End PBXFileReference section */

/* Begin PBXFrameworksBuildPhase section */
		771A05D71B6F781D00552816 /* Frameworks */ = {
			isa = PBXFrameworksBuildPhase;
			buildActionMask = 2147483647;
			files = (
			);
			runOnlyForDeploymentPostprocessing = 0;
		};
/* End PBXFrameworksBuildPhase section */

/* Begin PBXGroup section */
		771712B41B7233A000AFEB4D /* Resource */ = {
			isa = PBXGroup;
			children = (
				774A648C1B7BFD7900C58E36 /* MusicInstruments.plist */,
				774A648A1B7BFD4E00C58E36 /* Localizable.strings */,
			);
			path = Resource;
			sourceTree = "<group>";
		};
		771A05D11B6F781D00552816 = {
			isa = PBXGroup;
			children = (
				771A05DC1B6F781D00552816 /* StudyingMusicalInstruments */,
				771A05DB1B6F781D00552816 /* Products */,
			);
			sourceTree = "<group>";
		};
		771A05DB1B6F781D00552816 /* Products */ = {
			isa = PBXGroup;
			children = (
				771A05DA1B6F781D00552816 /* StudyingMusicalInstruments.app */,
			);
			name = Products;
			sourceTree = "<group>";
		};
		771A05DC1B6F781D00552816 /* StudyingMusicalInstruments */ = {
			isa = PBXGroup;
			children = (
				771FF5DC1B7B3B8C00BF8D94 /* Models */,
				771FF5EB1B7B3B8C00BF8D94 /* Services */,
				771FF5E01B7B3B8C00BF8D94 /* Presentation */,
				771A05E11B6F781D00552816 /* AppDelegate.h */,
				771A05E21B6F781D00552816 /* AppDelegate.m */,
				771A05E71B6F781D00552816 /* Main.storyboard */,
				771A05EC1B6F781D00552816 /* LaunchScreen.xib */,
				77CFE8D41B725446006A3CF5 /* Images.xcassets */,
				771712B41B7233A000AFEB4D /* Resource */,
				771A05DD1B6F781D00552816 /* Supporting Files */,
			);
			path = StudyingMusicalInstruments;
			sourceTree = "<group>";
		};
		771A05DD1B6F781D00552816 /* Supporting Files */ = {
			isa = PBXGroup;
			children = (
				771A05DE1B6F781D00552816 /* Info.plist */,
				771A05DF1B6F781D00552816 /* main.m */,
			);
			name = "Supporting Files";
			sourceTree = "<group>";
		};
		771FF5DC1B7B3B8C00BF8D94 /* Models */ = {
			isa = PBXGroup;
			children = (
				77F7547D1B8F529500F7C08B /* APMusicalInstrument */,
			);
			path = Models;
			sourceTree = "<group>";
		};
		771FF5E01B7B3B8C00BF8D94 /* Presentation */ = {
			isa = PBXGroup;
			children = (
				77F754951B8F560800F7C08B /* Utils */,
				77F754991B8F560800F7C08B /* ViewControllers */,
				77F754A61B8F560800F7C08B /* Views */,
			);
			path = Presentation;
			sourceTree = "<group>";
		};
		771FF5EB1B7B3B8C00BF8D94 /* Services */ = {
			isa = PBXGroup;
			children = (
				77F754811B8F53E000F7C08B /* APMusicalInstrumentsManager */,
				77F754841B8F53E000F7C08B /* APMusicalInstrunemtFactory */,
				77F754871B8F53E000F7C08B /* APMusicalInstrunemtValidator */,
				77F7548A1B8F53E000F7C08B /* APMusicInstrumentsDataSource */,
				77F7548D1B8F53E000F7C08B /* NSFileManager+APMusicalInstruments */,
			);
			path = Services;
			sourceTree = "<group>";
		};
		77F7547D1B8F529500F7C08B /* APMusicalInstrument */ = {
			isa = PBXGroup;
			children = (
				77F7547E1B8F529500F7C08B /* APMusicalInstrument.h */,
				77F7547F1B8F529500F7C08B /* APMusicalInstrument.m */,
			);
			path = APMusicalInstrument;
			sourceTree = "<group>";
		};
		77F754811B8F53E000F7C08B /* APMusicalInstrumentsManager */ = {
			isa = PBXGroup;
			children = (
				77F754821B8F53E000F7C08B /* APMusicalInstrumentsManager.h */,
				77F754831B8F53E000F7C08B /* APMusicalInstrumentsManager.m */,
			);
			path = APMusicalInstrumentsManager;
			sourceTree = "<group>";
		};
		77F754841B8F53E000F7C08B /* APMusicalInstrunemtFactory */ = {
			isa = PBXGroup;
			children = (
				77F754851B8F53E000F7C08B /* APMusicalInstrunemtFactory.h */,
				77F754861B8F53E000F7C08B /* APMusicalInstrunemtFactory.m */,
			);
			path = APMusicalInstrunemtFactory;
			sourceTree = "<group>";
		};
		77F754871B8F53E000F7C08B /* APMusicalInstrunemtValidator */ = {
			isa = PBXGroup;
			children = (
				77F754881B8F53E000F7C08B /* APMusicalInstrunemtValidator.h */,
				77F754891B8F53E000F7C08B /* APMusicalInstrunemtValidator.m */,
			);
			path = APMusicalInstrunemtValidator;
			sourceTree = "<group>";
		};
		77F7548A1B8F53E000F7C08B /* APMusicInstrumentsDataSource */ = {
			isa = PBXGroup;
			children = (
				77F7548B1B8F53E000F7C08B /* APMusicInstrumentsDataSource.h */,
				77F7548C1B8F53E000F7C08B /* APMusicInstrumentsDataSource.m */,
			);
			path = APMusicInstrumentsDataSource;
			sourceTree = "<group>";
		};
		77F7548D1B8F53E000F7C08B /* NSFileManager+APMusicalInstruments */ = {
			isa = PBXGroup;
			children = (
				77F7548E1B8F53E000F7C08B /* NSFileManager+APMusicalInstrumentsManager.h */,
				77F7548F1B8F53E000F7C08B /* NSFileManager+APMusicalInstrumentsManager.m */,
			);
			path = "NSFileManager+APMusicalInstruments";
			sourceTree = "<group>";
		};
		77F754951B8F560800F7C08B /* Utils */ = {
			isa = PBXGroup;
			children = (
				77F754961B8F560800F7C08B /* UIImage+StudyingMusicalInstruments */,
			);
			path = Utils;
			sourceTree = "<group>";
		};
		77F754961B8F560800F7C08B /* UIImage+StudyingMusicalInstruments */ = {
			isa = PBXGroup;
			children = (
				77F754971B8F560800F7C08B /* UIImage+StudyingMusicalInstruments.h */,
				77F754981B8F560800F7C08B /* UIImage+StudyingMusicalInstruments.m */,
			);
			path = "UIImage+StudyingMusicalInstruments";
			sourceTree = "<group>";
		};
		77F754991B8F560800F7C08B /* ViewControllers */ = {
			isa = PBXGroup;
			children = (
				77F7549A1B8F560800F7C08B /* APAddMusicalInstrumentViewController */,
				77F7549D1B8F560800F7C08B /* APMusicalInstrumentsCollectionViewController */,
				77F754A01B8F560800F7C08B /* APMusicalInstrunemtsContainerController */,
				77F754A31B8F560800F7C08B /* APMusicalInstrunemtsTableViewController */,
			);
			path = ViewControllers;
			sourceTree = "<group>";
		};
		77F7549A1B8F560800F7C08B /* APAddMusicalInstrumentViewController */ = {
			isa = PBXGroup;
			children = (
				77F7549B1B8F560800F7C08B /* APAddMusicalInstrumentViewController.h */,
				77F7549C1B8F560800F7C08B /* APAddMusicalInstrumentViewController.m */,
			);
			path = APAddMusicalInstrumentViewController;
			sourceTree = "<group>";
		};
		77F7549D1B8F560800F7C08B /* APMusicalInstrumentsCollectionViewController */ = {
			isa = PBXGroup;
			children = (
				77F7549E1B8F560800F7C08B /* APMusicalInstrumentsCollectionViewController.h */,
				77F7549F1B8F560800F7C08B /* APMusicalInstrumentsCollectionViewController.m */,
			);
			path = APMusicalInstrumentsCollectionViewController;
			sourceTree = "<group>";
		};
		77F754A01B8F560800F7C08B /* APMusicalInstrunemtsContainerController */ = {
			isa = PBXGroup;
			children = (
				77F754A11B8F560800F7C08B /* APMusicalInstrunemtsContainerController.h */,
				77F754A21B8F560800F7C08B /* APMusicalInstrunemtsContainerController.m */,
			);
			path = APMusicalInstrunemtsContainerController;
			sourceTree = "<group>";
		};
		77F754A31B8F560800F7C08B /* APMusicalInstrunemtsTableViewController */ = {
			isa = PBXGroup;
			children = (
				77F754A41B8F560800F7C08B /* APMusicalInstrunemtsTableViewController.h */,
				77F754A51B8F560800F7C08B /* APMusicalInstrunemtsTableViewController.m */,
			);
			path = APMusicalInstrunemtsTableViewController;
			sourceTree = "<group>";
		};
		77F754A61B8F560800F7C08B /* Views */ = {
			isa = PBXGroup;
			children = (
				77F754A71B8F560800F7C08B /* APMusicalInstrumentCollectionCell */,
				77F754AA1B8F560800F7C08B /* APMusicalInstrumentTableCell */,
			);
			path = Views;
			sourceTree = "<group>";
		};
		77F754A71B8F560800F7C08B /* APMusicalInstrumentCollectionCell */ = {
			isa = PBXGroup;
			children = (
				77F754A81B8F560800F7C08B /* APMusicalInstrumentCollectionCell.h */,
				77F754A91B8F560800F7C08B /* APMusicalInstrumentCollectionCell.m */,
			);
			path = APMusicalInstrumentCollectionCell;
			sourceTree = "<group>";
		};
		77F754AA1B8F560800F7C08B /* APMusicalInstrumentTableCell */ = {
			isa = PBXGroup;
			children = (
				77F754AB1B8F560800F7C08B /* APMusicalInstrumentTableCell.h */,
				77F754AC1B8F560800F7C08B /* APMusicalInstrumentTableCell.m */,
			);
			path = APMusicalInstrumentTableCell;
			sourceTree = "<group>";
		};
/* End PBXGroup section */

/* Begin PBXNativeTarget section */
		771A05D91B6F781D00552816 /* StudyingMusicalInstruments */ = {
			isa = PBXNativeTarget;
			buildConfigurationList = 771A05FD1B6F781D00552816 /* Build configuration list for PBXNativeTarget "StudyingMusicalInstruments" */;
			buildPhases = (
				771A05D61B6F781D00552816 /* Sources */,
				771A05D71B6F781D00552816 /* Frameworks */,
				771A05D81B6F781D00552816 /* Resources */,
			);
			buildRules = (
			);
			dependencies = (
			);
			name = StudyingMusicalInstruments;
			productName = studyingMusicalInstruments;
			productReference = 771A05DA1B6F781D00552816 /* StudyingMusicalInstruments.app */;
			productType = "com.apple.product-type.application";
		};
/* End PBXNativeTarget section */

/* Begin PBXProject section */
		771A05D21B6F781D00552816 /* Project object */ = {
			isa = PBXProject;
			attributes = {
				LastUpgradeCheck = 0640;
				ORGANIZATIONNAME = "Андрей";
				TargetAttributes = {
					771A05D91B6F781D00552816 = {
						CreatedOnToolsVersion = 6.4;
					};
				};
			};
			buildConfigurationList = 771A05D51B6F781D00552816 /* Build configuration list for PBXProject "StudyingMusicalInstruments" */;
			compatibilityVersion = "Xcode 3.2";
			developmentRegion = English;
			hasScannedForEncodings = 0;
			knownRegions = (
				en,
				Base,
			);
			mainGroup = 771A05D11B6F781D00552816;
			productRefGroup = 771A05DB1B6F781D00552816 /* Products */;
			projectDirPath = "";
			projectRoot = "";
			targets = (
				771A05D91B6F781D00552816 /* StudyingMusicalInstruments */,
			);
		};
/* End PBXProject section */

/* Begin PBXResourcesBuildPhase section */
		771A05D81B6F781D00552816 /* Resources */ = {
			isa = PBXResourcesBuildPhase;
			buildActionMask = 2147483647;
			files = (
				774A648B1B7BFD4E00C58E36 /* Localizable.strings in Resources */,
				771A05E91B6F781D00552816 /* Main.storyboard in Resources */,
				77CFE8D51B725446006A3CF5 /* Images.xcassets in Resources */,
				771A05EE1B6F781D00552816 /* LaunchScreen.xib in Resources */,
				774A648D1B7BFD7900C58E36 /* MusicInstruments.plist in Resources */,
			);
			runOnlyForDeploymentPostprocessing = 0;
		};
/* End PBXResourcesBuildPhase section */

/* Begin PBXSourcesBuildPhase section */
		771A05D61B6F781D00552816 /* Sources */ = {
			isa = PBXSourcesBuildPhase;
			buildActionMask = 2147483647;
			files = (
				771A05E31B6F781D00552816 /* AppDelegate.m in Sources */,
				77F754941B8F53E000F7C08B /* NSFileManager+APMusicalInstrumentsManager.m in Sources */,
				771A05E01B6F781D00552816 /* main.m in Sources */,
				77F754B11B8F560800F7C08B /* APMusicalInstrunemtsTableViewController.m in Sources */,
				77F754921B8F53E000F7C08B /* APMusicalInstrunemtValidator.m in Sources */,
				77F754AF1B8F560800F7C08B /* APMusicalInstrumentsCollectionViewController.m in Sources */,
				77F754931B8F53E000F7C08B /* APMusicInstrumentsDataSource.m in Sources */,
				77F754B01B8F560800F7C08B /* APMusicalInstrunemtsContainerController.m in Sources */,
				77F754B31B8F560800F7C08B /* APMusicalInstrumentTableCell.m in Sources */,
				77F754801B8F529500F7C08B /* APMusicalInstrument.m in Sources */,
				77F754901B8F53E000F7C08B /* APMusicalInstrumentsManager.m in Sources */,
				77F754B21B8F560800F7C08B /* APMusicalInstrumentCollectionCell.m in Sources */,
				77F754911B8F53E000F7C08B /* APMusicalInstrunemtFactory.m in Sources */,
				77F754AD1B8F560800F7C08B /* UIImage+StudyingMusicalInstruments.m in Sources */,
				77F754AE1B8F560800F7C08B /* APAddMusicalInstrumentViewController.m in Sources */,
			);
			runOnlyForDeploymentPostprocessing = 0;
		};
/* End PBXSourcesBuildPhase section */

/* Begin PBXVariantGroup section */
		771A05E71B6F781D00552816 /* Main.storyboard */ = {
			isa = PBXVariantGroup;
			children = (
				771A05E81B6F781D00552816 /* Base */,
			);
			name = Main.storyboard;
			sourceTree = "<group>";
		};
		771A05EC1B6F781D00552816 /* LaunchScreen.xib */ = {
			isa = PBXVariantGroup;
			children = (
				771A05ED1B6F781D00552816 /* Base */,
			);
			name = LaunchScreen.xib;
			sourceTree = "<group>";
		};
/* End PBXVariantGroup section */

/* Begin XCBuildConfiguration section */
		771A05FB1B6F781D00552816 /* Debug */ = {
			isa = XCBuildConfiguration;
			buildSettings = {
				ALWAYS_SEARCH_USER_PATHS = NO;
				CLANG_CXX_LANGUAGE_STANDARD = "gnu++0x";
				CLANG_CXX_LIBRARY = "libc++";
				CLANG_ENABLE_MODULES = YES;
				CLANG_ENABLE_OBJC_ARC = YES;
				CLANG_WARN_BOOL_CONVERSION = YES;
				CLANG_WARN_CONSTANT_CONVERSION = YES;
				CLANG_WARN_DIRECT_OBJC_ISA_USAGE = YES_ERROR;
				CLANG_WARN_EMPTY_BODY = YES;
				CLANG_WARN_ENUM_CONVERSION = YES;
				CLANG_WARN_INT_CONVERSION = YES;
				CLANG_WARN_OBJC_ROOT_CLASS = YES_ERROR;
				CLANG_WARN_UNREACHABLE_CODE = YES;
				CLANG_WARN__DUPLICATE_METHOD_MATCH = YES;
				"CODE_SIGN_IDENTITY[sdk=iphoneos*]" = "iPhone Developer";
				COPY_PHASE_STRIP = NO;
				DEBUG_INFORMATION_FORMAT = "dwarf-with-dsym";
				ENABLE_STRICT_OBJC_MSGSEND = YES;
				GCC_C_LANGUAGE_STANDARD = gnu99;
				GCC_DYNAMIC_NO_PIC = NO;
				GCC_NO_COMMON_BLOCKS = YES;
				GCC_OPTIMIZATION_LEVEL = 0;
				GCC_PREPROCESSOR_DEFINITIONS = (
					"DEBUG=1",
					"$(inherited)",
				);
				GCC_SYMBOLS_PRIVATE_EXTERN = NO;
				GCC_WARN_64_TO_32_BIT_CONVERSION = YES;
				GCC_WARN_ABOUT_RETURN_TYPE = YES_ERROR;
				GCC_WARN_UNDECLARED_SELECTOR = YES;
				GCC_WARN_UNINITIALIZED_AUTOS = YES_AGGRESSIVE;
				GCC_WARN_UNUSED_FUNCTION = YES;
				GCC_WARN_UNUSED_VARIABLE = YES;
				IPHONEOS_DEPLOYMENT_TARGET = 8.4;
				MTL_ENABLE_DEBUG_INFO = YES;
				ONLY_ACTIVE_ARCH = YES;
				SDKROOT = iphoneos;
				TARGETED_DEVICE_FAMILY = "1,2";
			};
			name = Debug;
		};
		771A05FC1B6F781D00552816 /* Release */ = {
			isa = XCBuildConfiguration;
			buildSettings = {
				ALWAYS_SEARCH_USER_PATHS = NO;
				CLANG_CXX_LANGUAGE_STANDARD = "gnu++0x";
				CLANG_CXX_LIBRARY = "libc++";
				CLANG_ENABLE_MODULES = YES;
				CLANG_ENABLE_OBJC_ARC = YES;
				CLANG_WARN_BOOL_CONVERSION = YES;
				CLANG_WARN_CONSTANT_CONVERSION = YES;
				CLANG_WARN_DIRECT_OBJC_ISA_USAGE = YES_ERROR;
				CLANG_WARN_EMPTY_BODY = YES;
				CLANG_WARN_ENUM_CONVERSION = YES;
				CLANG_WARN_INT_CONVERSION = YES;
				CLANG_WARN_OBJC_ROOT_CLASS = YES_ERROR;
				CLANG_WARN_UNREACHABLE_CODE = YES;
				CLANG_WARN__DUPLICATE_METHOD_MATCH = YES;
				"CODE_SIGN_IDENTITY[sdk=iphoneos*]" = "iPhone Developer";
				COPY_PHASE_STRIP = NO;
				DEBUG_INFORMATION_FORMAT = "dwarf-with-dsym";
				ENABLE_NS_ASSERTIONS = NO;
				ENABLE_STRICT_OBJC_MSGSEND = YES;
				GCC_C_LANGUAGE_STANDARD = gnu99;
				GCC_NO_COMMON_BLOCKS = YES;
				GCC_WARN_64_TO_32_BIT_CONVERSION = YES;
				GCC_WARN_ABOUT_RETURN_TYPE = YES_ERROR;
				GCC_WARN_UNDECLARED_SELECTOR = YES;
				GCC_WARN_UNINITIALIZED_AUTOS = YES_AGGRESSIVE;
				GCC_WARN_UNUSED_FUNCTION = YES;
				GCC_WARN_UNUSED_VARIABLE = YES;
				IPHONEOS_DEPLOYMENT_TARGET = 8.4;
				MTL_ENABLE_DEBUG_INFO = NO;
				SDKROOT = iphoneos;
				TARGETED_DEVICE_FAMILY = "1,2";
				VALIDATE_PRODUCT = YES;
			};
			name = Release;
		};
		771A05FE1B6F781D00552816 /* Debug */ = {
			isa = XCBuildConfiguration;
			buildSettings = {
				ASSETCATALOG_COMPILER_APPICON_NAME = AppIcon;
				INFOPLIST_FILE = studyingMusicalInstruments/Info.plist;
				IPHONEOS_DEPLOYMENT_TARGET = 8.2;
				LD_RUNPATH_SEARCH_PATHS = "$(inherited) @executable_path/Frameworks";
				PRODUCT_NAME = StudyingMusicalInstruments;
			};
			name = Debug;
		};
		771A05FF1B6F781D00552816 /* Release */ = {
			isa = XCBuildConfiguration;
			buildSettings = {
				ASSETCATALOG_COMPILER_APPICON_NAME = AppIcon;
				INFOPLIST_FILE = studyingMusicalInstruments/Info.plist;
				IPHONEOS_DEPLOYMENT_TARGET = 8.2;
				LD_RUNPATH_SEARCH_PATHS = "$(inherited) @executable_path/Frameworks";
				PRODUCT_NAME = StudyingMusicalInstruments;
			};
			name = Release;
		};
/* End XCBuildConfiguration section */

/* Begin XCConfigurationList section */
		771A05D51B6F781D00552816 /* Build configuration list for PBXProject "StudyingMusicalInstruments" */ = {
			isa = XCConfigurationList;
			buildConfigurations = (
				771A05FB1B6F781D00552816 /* Debug */,
				771A05FC1B6F781D00552816 /* Release */,
			);
			defaultConfigurationIsVisible = 0;
			defaultConfigurationName = Release;
		};
		771A05FD1B6F781D00552816 /* Build configuration list for PBXNativeTarget "StudyingMusicalInstruments" */ = {
			isa = XCConfigurationList;
			buildConfigurations = (
				771A05FE1B6F781D00552816 /* Debug */,
				771A05FF1B6F781D00552816 /* Release */,
			);
			defaultConfigurationIsVisible = 0;
			defaultConfigurationName = Release;
		};
/* End XCConfigurationList section */
	};
	rootObject = 771A05D21B6F781D00552816 /* Project object */;
}
