// !$*UTF8*$!
{
	archiveVersion = 1;
	classes = {
	};
	objectVersion = 46;
	objects = {

/* Begin PBXBuildFile section */
		771712B61B7233C100AFEB4D /* Localizable.strings in Resources */ = {isa = PBXBuildFile; fileRef = 771712B51B7233C100AFEB4D /* Localizable.strings */; };
		771A05E01B6F781D00552816 /* main.m in Sources */ = {isa = PBXBuildFile; fileRef = 771A05DF1B6F781D00552816 /* main.m */; };
		771A05E31B6F781D00552816 /* AppDelegate.m in Sources */ = {isa = PBXBuildFile; fileRef = 771A05E21B6F781D00552816 /* AppDelegate.m */; };
		771A05E91B6F781D00552816 /* Main.storyboard in Resources */ = {isa = PBXBuildFile; fileRef = 771A05E71B6F781D00552816 /* Main.storyboard */; };
		771A05EE1B6F781D00552816 /* LaunchScreen.xib in Resources */ = {isa = PBXBuildFile; fileRef = 771A05EC1B6F781D00552816 /* LaunchScreen.xib */; };
		771FF5EF1B7B3B8C00BF8D94 /* APMusicalInstrument.m in Sources */ = {isa = PBXBuildFile; fileRef = 771FF5DF1B7B3B8C00BF8D94 /* APMusicalInstrument.m */; };
		771FF5F01B7B3B8C00BF8D94 /* APTableViewCell.m in Sources */ = {isa = PBXBuildFile; fileRef = 771FF5E31B7B3B8C00BF8D94 /* APTableViewCell.m */; };
		771FF5F11B7B3B8C00BF8D94 /* UIImage+StudyingMusicalInstruments.m in Sources */ = {isa = PBXBuildFile; fileRef = 771FF5E61B7B3B8C00BF8D94 /* UIImage+StudyingMusicalInstruments.m */; };
		771FF5F31B7B3B8C00BF8D94 /* APMusicalInstrumentsManager.m in Sources */ = {isa = PBXBuildFile; fileRef = 771FF5EE1B7B3B8C00BF8D94 /* APMusicalInstrumentsManager.m */; };
		771FF5F81B7B3CB300BF8D94 /* APTableViewController.m in Sources */ = {isa = PBXBuildFile; fileRef = 771FF5F71B7B3CB300BF8D94 /* APTableViewController.m */; };
		77CFE8D51B725446006A3CF5 /* Images.xcassets in Resources */ = {isa = PBXBuildFile; fileRef = 77CFE8D41B725446006A3CF5 /* Images.xcassets */; };
/* End PBXBuildFile section */

/* Begin PBXFileReference section */
		771712B51B7233C100AFEB4D /* Localizable.strings */ = {isa = PBXFileReference; fileEncoding = 4; lastKnownFileType = text.plist.strings; path = Localizable.strings; sourceTree = "<group>"; };
		771A05DA1B6F781D00552816 /* StudyingMusicalInstruments.app */ = {isa = PBXFileReference; explicitFileType = wrapper.application; includeInIndex = 0; path = StudyingMusicalInstruments.app; sourceTree = BUILT_PRODUCTS_DIR; };
		771A05DE1B6F781D00552816 /* Info.plist */ = {isa = PBXFileReference; lastKnownFileType = text.plist.xml; path = Info.plist; sourceTree = "<group>"; };
		771A05DF1B6F781D00552816 /* main.m */ = {isa = PBXFileReference; lastKnownFileType = sourcecode.c.objc; path = main.m; sourceTree = "<group>"; };
		771A05E11B6F781D00552816 /* AppDelegate.h */ = {isa = PBXFileReference; lastKnownFileType = sourcecode.c.h; path = AppDelegate.h; sourceTree = "<group>"; };
		771A05E21B6F781D00552816 /* AppDelegate.m */ = {isa = PBXFileReference; lastKnownFileType = sourcecode.c.objc; path = AppDelegate.m; sourceTree = "<group>"; };
		771A05E81B6F781D00552816 /* Base */ = {isa = PBXFileReference; lastKnownFileType = file.storyboard; name = Base; path = Base.lproj/Main.storyboard; sourceTree = "<group>"; };
		771A05ED1B6F781D00552816 /* Base */ = {isa = PBXFileReference; lastKnownFileType = file.xib; name = Base; path = Base.lproj/LaunchScreen.xib; sourceTree = "<group>"; };
		771FF5DE1B7B3B8C00BF8D94 /* APMusicalInstrument.h */ = {isa = PBXFileReference; fileEncoding = 4; lastKnownFileType = sourcecode.c.h; path = APMusicalInstrument.h; sourceTree = "<group>"; };
		771FF5DF1B7B3B8C00BF8D94 /* APMusicalInstrument.m */ = {isa = PBXFileReference; fileEncoding = 4; lastKnownFileType = sourcecode.c.objc; path = APMusicalInstrument.m; sourceTree = "<group>"; };
		771FF5E21B7B3B8C00BF8D94 /* APTableViewCell.h */ = {isa = PBXFileReference; fileEncoding = 4; lastKnownFileType = sourcecode.c.h; path = APTableViewCell.h; sourceTree = "<group>"; };
		771FF5E31B7B3B8C00BF8D94 /* APTableViewCell.m */ = {isa = PBXFileReference; fileEncoding = 4; lastKnownFileType = sourcecode.c.objc; path = APTableViewCell.m; sourceTree = "<group>"; };
		771FF5E51B7B3B8C00BF8D94 /* UIImage+StudyingMusicalInstruments.h */ = {isa = PBXFileReference; fileEncoding = 4; lastKnownFileType = sourcecode.c.h; path = "UIImage+StudyingMusicalInstruments.h"; sourceTree = "<group>"; };
		771FF5E61B7B3B8C00BF8D94 /* UIImage+StudyingMusicalInstruments.m */ = {isa = PBXFileReference; fileEncoding = 4; lastKnownFileType = sourcecode.c.objc; path = "UIImage+StudyingMusicalInstruments.m"; sourceTree = "<group>"; };
		771FF5ED1B7B3B8C00BF8D94 /* APMusicalInstrumentsManager.h */ = {isa = PBXFileReference; fileEncoding = 4; lastKnownFileType = sourcecode.c.h; path = APMusicalInstrumentsManager.h; sourceTree = "<group>"; };
		771FF5EE1B7B3B8C00BF8D94 /* APMusicalInstrumentsManager.m */ = {isa = PBXFileReference; fileEncoding = 4; lastKnownFileType = sourcecode.c.objc; path = APMusicalInstrumentsManager.m; sourceTree = "<group>"; };
		771FF5F61B7B3CB300BF8D94 /* APTableViewController.h */ = {isa = PBXFileReference; fileEncoding = 4; lastKnownFileType = sourcecode.c.h; path = APTableViewController.h; sourceTree = "<group>"; };
		771FF5F71B7B3CB300BF8D94 /* APTableViewController.m */ = {isa = PBXFileReference; fileEncoding = 4; lastKnownFileType = sourcecode.c.objc; path = APTableViewController.m; sourceTree = "<group>"; };
		77CFE8D41B725446006A3CF5 /* Images.xcassets */ = {isa = PBXFileReference; lastKnownFileType = folder.assetcatalog; path = Images.xcassets; sourceTree = "<group>"; };
/* End PBXFileReference section */

/* Begin PBXFrameworksBuildPhase section */
		771A05D71B6F781D00552816 /* Frameworks */ = {
			isa = PBXFrameworksBuildPhase;
			buildActionMask = 2147483647;
			files = (
			);
			runOnlyForDeploymentPostprocessing = 0;
		};
/* End PBXFrameworksBuildPhase section */

/* Begin PBXGroup section */
		771712B41B7233A000AFEB4D /* Resource */ = {
			isa = PBXGroup;
			children = (
				771712B51B7233C100AFEB4D /* Localizable.strings */,
			);
			name = Resource;
			path = ../Resource;
			sourceTree = "<group>";
		};
		771A05D11B6F781D00552816 = {
			isa = PBXGroup;
			children = (
				771A05DC1B6F781D00552816 /* StudyingMusicalInstruments */,
				771A05DB1B6F781D00552816 /* Products */,
			);
			sourceTree = "<group>";
		};
		771A05DB1B6F781D00552816 /* Products */ = {
			isa = PBXGroup;
			children = (
				771A05DA1B6F781D00552816 /* StudyingMusicalInstruments.app */,
			);
			name = Products;
			sourceTree = "<group>";
		};
		771A05DC1B6F781D00552816 /* StudyingMusicalInstruments */ = {
			isa = PBXGroup;
			children = (
				771FF5DC1B7B3B8C00BF8D94 /* Models */,
				771FF5EB1B7B3B8C00BF8D94 /* Services */,
				771FF5E01B7B3B8C00BF8D94 /* Presentation */,
				771FF5F41B7B3CB300BF8D94 /* ViewControllers */,
				771A05E11B6F781D00552816 /* AppDelegate.h */,
				771A05E21B6F781D00552816 /* AppDelegate.m */,
				771A05E71B6F781D00552816 /* Main.storyboard */,
				771A05EC1B6F781D00552816 /* LaunchScreen.xib */,
				77CFE8D41B725446006A3CF5 /* Images.xcassets */,
				771712B41B7233A000AFEB4D /* Resource */,
				771A05DD1B6F781D00552816 /* Supporting Files */,
			);
			path = StudyingMusicalInstruments;
			sourceTree = "<group>";
		};
		771A05DD1B6F781D00552816 /* Supporting Files */ = {
			isa = PBXGroup;
			children = (
				771A05DE1B6F781D00552816 /* Info.plist */,
				771A05DF1B6F781D00552816 /* main.m */,
			);
			name = "Supporting Files";
			sourceTree = "<group>";
		};
		771FF5DC1B7B3B8C00BF8D94 /* Models */ = {
			isa = PBXGroup;
			children = (
				771FF5DD1B7B3B8C00BF8D94 /* MusicalInstrument */,
			);
			path = Models;
			sourceTree = "<group>";
		};
		771FF5DD1B7B3B8C00BF8D94 /* MusicalInstrument */ = {
			isa = PBXGroup;
			children = (
				771FF5DE1B7B3B8C00BF8D94 /* APMusicalInstrument.h */,
				771FF5DF1B7B3B8C00BF8D94 /* APMusicalInstrument.m */,
			);
			path = MusicalInstrument;
			sourceTree = "<group>";
		};
		771FF5E01B7B3B8C00BF8D94 /* Presentation */ = {
			isa = PBXGroup;
			children = (
				771FF5E41B7B3B8C00BF8D94 /* Utils */,
				771FF5EA1B7B3B8C00BF8D94 /* Views */,
			);
			path = Presentation;
			sourceTree = "<group>";
		};
		771FF5E11B7B3B8C00BF8D94 /* MusicalInstrumentCell */ = {
			isa = PBXGroup;
			children = (
				771FF5E21B7B3B8C00BF8D94 /* APTableViewCell.h */,
				771FF5E31B7B3B8C00BF8D94 /* APTableViewCell.m */,
			);
			path = MusicalInstrumentCell;
			sourceTree = "<group>";
		};
		771FF5E41B7B3B8C00BF8D94 /* Utils */ = {
			isa = PBXGroup;
			children = (
				771FF5E51B7B3B8C00BF8D94 /* UIImage+StudyingMusicalInstruments.h */,
				771FF5E61B7B3B8C00BF8D94 /* UIImage+StudyingMusicalInstruments.m */,
			);
			path = Utils;
			sourceTree = "<group>";
		};
		771FF5EA1B7B3B8C00BF8D94 /* Views */ = {
			isa = PBXGroup;
			children = (
				771FF5E11B7B3B8C00BF8D94 /* MusicalInstrumentCell */,
			);
			path = Views;
			sourceTree = "<group>";
		};
		771FF5EB1B7B3B8C00BF8D94 /* Services */ = {
			isa = PBXGroup;
			children = (
				771FF5EC1B7B3B8C00BF8D94 /* MusicalInstrumentsManager */,
			);
			path = Services;
			sourceTree = "<group>";
		};
		771FF5EC1B7B3B8C00BF8D94 /* MusicalInstrumentsManager */ = {
			isa = PBXGroup;
			children = (
				771FF5ED1B7B3B8C00BF8D94 /* APMusicalInstrumentsManager.h */,
				771FF5EE1B7B3B8C00BF8D94 /* APMusicalInstrumentsManager.m */,
			);
			path = MusicalInstrumentsManager;
			sourceTree = "<group>";
		};
		771FF5F41B7B3CB300BF8D94 /* ViewControllers */ = {
			isa = PBXGroup;
			children = (
				771FF5F51B7B3CB300BF8D94 /* MusicalInstrunemtsViewController */,
			);
			name = ViewControllers;
			path = StudyingMusicalInstruments/Presentation/ViewControllers;
			sourceTree = SOURCE_ROOT;
		};
		771FF5F51B7B3CB300BF8D94 /* MusicalInstrunemtsViewController */ = {
			isa = PBXGroup;
			children = (
				771FF5F61B7B3CB300BF8D94 /* APTableViewController.h */,
				771FF5F71B7B3CB300BF8D94 /* APTableViewController.m */,
			);
			path = MusicalInstrunemtsViewController;
			sourceTree = "<group>";
		};
/* End PBXGroup section */

/* Begin PBXNativeTarget section */
		771A05D91B6F781D00552816 /* StudyingMusicalInstruments */ = {
			isa = PBXNativeTarget;
			buildConfigurationList = 771A05FD1B6F781D00552816 /* Build configuration list for PBXNativeTarget "StudyingMusicalInstruments" */;
			buildPhases = (
				771A05D61B6F781D00552816 /* Sources */,
				771A05D71B6F781D00552816 /* Frameworks */,
				771A05D81B6F781D00552816 /* Resources */,
			);
			buildRules = (
			);
			dependencies = (
			);
			name = StudyingMusicalInstruments;
			productName = studyingMusicalInstruments;
			productReference = 771A05DA1B6F781D00552816 /* StudyingMusicalInstruments.app */;
			productType = "com.apple.product-type.application";
		};
/* End PBXNativeTarget section */

/* Begin PBXProject section */
		771A05D21B6F781D00552816 /* Project object */ = {
			isa = PBXProject;
			attributes = {
				LastUpgradeCheck = 0640;
				ORGANIZATIONNAME = "Андрей";
				TargetAttributes = {
					771A05D91B6F781D00552816 = {
						CreatedOnToolsVersion = 6.4;
					};
				};
			};
			buildConfigurationList = 771A05D51B6F781D00552816 /* Build configuration list for PBXProject "StudyingMusicalInstruments" */;
			compatibilityVersion = "Xcode 3.2";
			developmentRegion = English;
			hasScannedForEncodings = 0;
			knownRegions = (
				en,
				Base,
			);
			mainGroup = 771A05D11B6F781D00552816;
			productRefGroup = 771A05DB1B6F781D00552816 /* Products */;
			projectDirPath = "";
			projectRoot = "";
			targets = (
				771A05D91B6F781D00552816 /* StudyingMusicalInstruments */,
			);
		};
/* End PBXProject section */

/* Begin PBXResourcesBuildPhase section */
		771A05D81B6F781D00552816 /* Resources */ = {
			isa = PBXResourcesBuildPhase;
			buildActionMask = 2147483647;
			files = (
				771A05E91B6F781D00552816 /* Main.storyboard in Resources */,
				77CFE8D51B725446006A3CF5 /* Images.xcassets in Resources */,
				771A05EE1B6F781D00552816 /* LaunchScreen.xib in Resources */,
				771712B61B7233C100AFEB4D /* Localizable.strings in Resources */,
			);
			runOnlyForDeploymentPostprocessing = 0;
		};
/* End PBXResourcesBuildPhase section */

/* Begin PBXSourcesBuildPhase section */
		771A05D61B6F781D00552816 /* Sources */ = {
			isa = PBXSourcesBuildPhase;
			buildActionMask = 2147483647;
			files = (
				771FF5F81B7B3CB300BF8D94 /* APTableViewController.m in Sources */,
				771FF5F31B7B3B8C00BF8D94 /* APMusicalInstrumentsManager.m in Sources */,
				771FF5F01B7B3B8C00BF8D94 /* APTableViewCell.m in Sources */,
				771FF5EF1B7B3B8C00BF8D94 /* APMusicalInstrument.m in Sources */,
				771A05E31B6F781D00552816 /* AppDelegate.m in Sources */,
				771A05E01B6F781D00552816 /* main.m in Sources */,
				771FF5F11B7B3B8C00BF8D94 /* UIImage+StudyingMusicalInstruments.m in Sources */,
			);
			runOnlyForDeploymentPostprocessing = 0;
		};
/* End PBXSourcesBuildPhase section */

/* Begin PBXVariantGroup section */
		771A05E71B6F781D00552816 /* Main.storyboard */ = {
			isa = PBXVariantGroup;
			children = (
				771A05E81B6F781D00552816 /* Base */,
			);
			name = Main.storyboard;
			sourceTree = "<group>";
		};
		771A05EC1B6F781D00552816 /* LaunchScreen.xib */ = {
			isa = PBXVariantGroup;
			children = (
				771A05ED1B6F781D00552816 /* Base */,
			);
			name = LaunchScreen.xib;
			sourceTree = "<group>";
		};
/* End PBXVariantGroup section */

/* Begin XCBuildConfiguration section */
		771A05FB1B6F781D00552816 /* Debug */ = {
			isa = XCBuildConfiguration;
			buildSettings = {
				ALWAYS_SEARCH_USER_PATHS = NO;
				CLANG_CXX_LANGUAGE_STANDARD = "gnu++0x";
				CLANG_CXX_LIBRARY = "libc++";
				CLANG_ENABLE_MODULES = YES;
				CLANG_ENABLE_OBJC_ARC = YES;
				CLANG_WARN_BOOL_CONVERSION = YES;
				CLANG_WARN_CONSTANT_CONVERSION = YES;
				CLANG_WARN_DIRECT_OBJC_ISA_USAGE = YES_ERROR;
				CLANG_WARN_EMPTY_BODY = YES;
				CLANG_WARN_ENUM_CONVERSION = YES;
				CLANG_WARN_INT_CONVERSION = YES;
				CLANG_WARN_OBJC_ROOT_CLASS = YES_ERROR;
				CLANG_WARN_UNREACHABLE_CODE = YES;
				CLANG_WARN__DUPLICATE_METHOD_MATCH = YES;
				"CODE_SIGN_IDENTITY[sdk=iphoneos*]" = "iPhone Developer";
				COPY_PHASE_STRIP = NO;
				DEBUG_INFORMATION_FORMAT = "dwarf-with-dsym";
				ENABLE_STRICT_OBJC_MSGSEND = YES;
				GCC_C_LANGUAGE_STANDARD = gnu99;
				GCC_DYNAMIC_NO_PIC = NO;
				GCC_NO_COMMON_BLOCKS = YES;
				GCC_OPTIMIZATION_LEVEL = 0;
				GCC_PREPROCESSOR_DEFINITIONS = (
					"DEBUG=1",
					"$(inherited)",
				);
				GCC_SYMBOLS_PRIVATE_EXTERN = NO;
				GCC_WARN_64_TO_32_BIT_CONVERSION = YES;
				GCC_WARN_ABOUT_RETURN_TYPE = YES_ERROR;
				GCC_WARN_UNDECLARED_SELECTOR = YES;
				GCC_WARN_UNINITIALIZED_AUTOS = YES_AGGRESSIVE;
				GCC_WARN_UNUSED_FUNCTION = YES;
				GCC_WARN_UNUSED_VARIABLE = YES;
				IPHONEOS_DEPLOYMENT_TARGET = 8.4;
				MTL_ENABLE_DEBUG_INFO = YES;
				ONLY_ACTIVE_ARCH = YES;
				SDKROOT = iphoneos;
				TARGETED_DEVICE_FAMILY = "1,2";
			};
			name = Debug;
		};
		771A05FC1B6F781D00552816 /* Release */ = {
			isa = XCBuildConfiguration;
			buildSettings = {
				ALWAYS_SEARCH_USER_PATHS = NO;
				CLANG_CXX_LANGUAGE_STANDARD = "gnu++0x";
				CLANG_CXX_LIBRARY = "libc++";
				CLANG_ENABLE_MODULES = YES;
				CLANG_ENABLE_OBJC_ARC = YES;
				CLANG_WARN_BOOL_CONVERSION = YES;
				CLANG_WARN_CONSTANT_CONVERSION = YES;
				CLANG_WARN_DIRECT_OBJC_ISA_USAGE = YES_ERROR;
				CLANG_WARN_EMPTY_BODY = YES;
				CLANG_WARN_ENUM_CONVERSION = YES;
				CLANG_WARN_INT_CONVERSION = YES;
				CLANG_WARN_OBJC_ROOT_CLASS = YES_ERROR;
				CLANG_WARN_UNREACHABLE_CODE = YES;
				CLANG_WARN__DUPLICATE_METHOD_MATCH = YES;
				"CODE_SIGN_IDENTITY[sdk=iphoneos*]" = "iPhone Developer";
				COPY_PHASE_STRIP = NO;
				DEBUG_INFORMATION_FORMAT = "dwarf-with-dsym";
				ENABLE_NS_ASSERTIONS = NO;
				ENABLE_STRICT_OBJC_MSGSEND = YES;
				GCC_C_LANGUAGE_STANDARD = gnu99;
				GCC_NO_COMMON_BLOCKS = YES;
				GCC_WARN_64_TO_32_BIT_CONVERSION = YES;
				GCC_WARN_ABOUT_RETURN_TYPE = YES_ERROR;
				GCC_WARN_UNDECLARED_SELECTOR = YES;
				GCC_WARN_UNINITIALIZED_AUTOS = YES_AGGRESSIVE;
				GCC_WARN_UNUSED_FUNCTION = YES;
				GCC_WARN_UNUSED_VARIABLE = YES;
				IPHONEOS_DEPLOYMENT_TARGET = 8.4;
				MTL_ENABLE_DEBUG_INFO = NO;
				SDKROOT = iphoneos;
				TARGETED_DEVICE_FAMILY = "1,2";
				VALIDATE_PRODUCT = YES;
			};
			name = Release;
		};
		771A05FE1B6F781D00552816 /* Debug */ = {
			isa = XCBuildConfiguration;
			buildSettings = {
				ASSETCATALOG_COMPILER_APPICON_NAME = AppIcon;
				INFOPLIST_FILE = studyingMusicalInstruments/Info.plist;
				LD_RUNPATH_SEARCH_PATHS = "$(inherited) @executable_path/Frameworks";
				PRODUCT_NAME = StudyingMusicalInstruments;
			};
			name = Debug;
		};
		771A05FF1B6F781D00552816 /* Release */ = {
			isa = XCBuildConfiguration;
			buildSettings = {
				ASSETCATALOG_COMPILER_APPICON_NAME = AppIcon;
				INFOPLIST_FILE = studyingMusicalInstruments/Info.plist;
				LD_RUNPATH_SEARCH_PATHS = "$(inherited) @executable_path/Frameworks";
				PRODUCT_NAME = StudyingMusicalInstruments;
			};
			name = Release;
		};
/* End XCBuildConfiguration section */

/* Begin XCConfigurationList section */
		771A05D51B6F781D00552816 /* Build configuration list for PBXProject "StudyingMusicalInstruments" */ = {
			isa = XCConfigurationList;
			buildConfigurations = (
				771A05FB1B6F781D00552816 /* Debug */,
				771A05FC1B6F781D00552816 /* Release */,
			);
			defaultConfigurationIsVisible = 0;
			defaultConfigurationName = Release;
		};
		771A05FD1B6F781D00552816 /* Build configuration list for PBXNativeTarget "StudyingMusicalInstruments" */ = {
			isa = XCConfigurationList;
			buildConfigurations = (
				771A05FE1B6F781D00552816 /* Debug */,
				771A05FF1B6F781D00552816 /* Release */,
			);
			defaultConfigurationIsVisible = 0;
			defaultConfigurationName = Release;
		};
/* End XCConfigurationList section */
	};
	rootObject = 771A05D21B6F781D00552816 /* Project object */;
}
