// !$*UTF8*$!
{
	archiveVersion = 1;
	classes = {
	};
	objectVersion = 46;
	objects = {

/* Begin PBXBuildFile section */
		770DCF731B87D6EC00FC63E9 /* APMusicalInstrumentCollectionCell.m in Sources */ = {isa = PBXBuildFile; fileRef = 770DCF721B87D6EC00FC63E9 /* APMusicalInstrumentCollectionCell.m */; };
		770DCF761B88DD7100FC63E9 /* APMusicalInstrunemtsNavigationController.m in Sources */ = {isa = PBXBuildFile; fileRef = 770DCF751B88DD7100FC63E9 /* APMusicalInstrunemtsNavigationController.m */; };
		770DCF791B89150F00FC63E9 /* APAddMusicalInstrumentViewController.m in Sources */ = {isa = PBXBuildFile; fileRef = 770DCF781B89150F00FC63E9 /* APAddMusicalInstrumentViewController.m */; };
		771A05E01B6F781D00552816 /* main.m in Sources */ = {isa = PBXBuildFile; fileRef = 771A05DF1B6F781D00552816 /* main.m */; };
		771A05E31B6F781D00552816 /* AppDelegate.m in Sources */ = {isa = PBXBuildFile; fileRef = 771A05E21B6F781D00552816 /* AppDelegate.m */; };
		771A05E91B6F781D00552816 /* Main.storyboard in Resources */ = {isa = PBXBuildFile; fileRef = 771A05E71B6F781D00552816 /* Main.storyboard */; };
		771A05EE1B6F781D00552816 /* LaunchScreen.xib in Resources */ = {isa = PBXBuildFile; fileRef = 771A05EC1B6F781D00552816 /* LaunchScreen.xib */; };
		771FF5EF1B7B3B8C00BF8D94 /* APMusicalInstrument.m in Sources */ = {isa = PBXBuildFile; fileRef = 771FF5DF1B7B3B8C00BF8D94 /* APMusicalInstrument.m */; };
		771FF5F01B7B3B8C00BF8D94 /* APMusicalInstrumentTableCell.m in Sources */ = {isa = PBXBuildFile; fileRef = 771FF5E31B7B3B8C00BF8D94 /* APMusicalInstrumentTableCell.m */; };
		771FF5F11B7B3B8C00BF8D94 /* UIImage+StudyingMusicalInstruments.m in Sources */ = {isa = PBXBuildFile; fileRef = 771FF5E61B7B3B8C00BF8D94 /* UIImage+StudyingMusicalInstruments.m */; };
		771FF5F31B7B3B8C00BF8D94 /* APMusicalInstrumentsManager.m in Sources */ = {isa = PBXBuildFile; fileRef = 771FF5EE1B7B3B8C00BF8D94 /* APMusicalInstrumentsManager.m */; };
		771FF5F81B7B3CB300BF8D94 /* APMusicalInstrunemtsTableViewController.m in Sources */ = {isa = PBXBuildFile; fileRef = 771FF5F71B7B3CB300BF8D94 /* APMusicalInstrunemtsTableViewController.m */; };
		773C32451B83C5F500AA12BC /* APValidator.m in Sources */ = {isa = PBXBuildFile; fileRef = 773C32441B83C5F500AA12BC /* APValidator.m */; };
		773C32481B83C7CB00AA12BC /* APMusicalInstrunemtFactory.m in Sources */ = {isa = PBXBuildFile; fileRef = 773C32471B83C7CB00AA12BC /* APMusicalInstrunemtFactory.m */; };
		773C324B1B86135D00AA12BC /* NSString+APMusicalInstrumentsManager.m in Sources */ = {isa = PBXBuildFile; fileRef = 773C324A1B86135D00AA12BC /* NSString+APMusicalInstrumentsManager.m */; };
		774A648B1B7BFD4E00C58E36 /* Localizable.strings in Resources */ = {isa = PBXBuildFile; fileRef = 774A648A1B7BFD4E00C58E36 /* Localizable.strings */; };
		774A648D1B7BFD7900C58E36 /* MusicInstruments.plist in Resources */ = {isa = PBXBuildFile; fileRef = 774A648C1B7BFD7900C58E36 /* MusicInstruments.plist */; };
		774F22EC1B862A3100C94414 /* APMusicInstrumentsDataSource.m in Sources */ = {isa = PBXBuildFile; fileRef = 774F22EB1B862A3100C94414 /* APMusicInstrumentsDataSource.m */; };
		774F22EF1B877E0C00C94414 /* APMusicalInstrumentsCollectionViewController.m in Sources */ = {isa = PBXBuildFile; fileRef = 774F22EE1B877E0C00C94414 /* APMusicalInstrumentsCollectionViewController.m */; };
		77CFE8D51B725446006A3CF5 /* Images.xcassets in Resources */ = {isa = PBXBuildFile; fileRef = 77CFE8D41B725446006A3CF5 /* Images.xcassets */; };
/* End PBXBuildFile section */

/* Begin PBXFileReference section */
		770DCF711B87D6EC00FC63E9 /* APMusicalInstrumentCollectionCell.h */ = {isa = PBXFileReference; fileEncoding = 4; lastKnownFileType = sourcecode.c.h; path = APMusicalInstrumentCollectionCell.h; sourceTree = "<group>"; };
		770DCF721B87D6EC00FC63E9 /* APMusicalInstrumentCollectionCell.m */ = {isa = PBXFileReference; fileEncoding = 4; lastKnownFileType = sourcecode.c.objc; path = APMusicalInstrumentCollectionCell.m; sourceTree = "<group>"; };
		770DCF741B88DD7100FC63E9 /* APMusicalInstrunemtsNavigationController.h */ = {isa = PBXFileReference; fileEncoding = 4; lastKnownFileType = sourcecode.c.h; path = APMusicalInstrunemtsNavigationController.h; sourceTree = "<group>"; };
		770DCF751B88DD7100FC63E9 /* APMusicalInstrunemtsNavigationController.m */ = {isa = PBXFileReference; fileEncoding = 4; lastKnownFileType = sourcecode.c.objc; path = APMusicalInstrunemtsNavigationController.m; sourceTree = "<group>"; };
		770DCF771B89150F00FC63E9 /* APAddMusicalInstrumentViewController.h */ = {isa = PBXFileReference; fileEncoding = 4; lastKnownFileType = sourcecode.c.h; path = APAddMusicalInstrumentViewController.h; sourceTree = "<group>"; };
		770DCF781B89150F00FC63E9 /* APAddMusicalInstrumentViewController.m */ = {isa = PBXFileReference; fileEncoding = 4; lastKnownFileType = sourcecode.c.objc; path = APAddMusicalInstrumentViewController.m; sourceTree = "<group>"; };
		771A05DA1B6F781D00552816 /* StudyingMusicalInstruments.app */ = {isa = PBXFileReference; explicitFileType = wrapper.application; includeInIndex = 0; path = StudyingMusicalInstruments.app; sourceTree = BUILT_PRODUCTS_DIR; };
		771A05DE1B6F781D00552816 /* Info.plist */ = {isa = PBXFileReference; lastKnownFileType = text.plist.xml; path = Info.plist; sourceTree = "<group>"; };
		771A05DF1B6F781D00552816 /* main.m */ = {isa = PBXFileReference; lastKnownFileType = sourcecode.c.objc; path = main.m; sourceTree = "<group>"; };
		771A05E11B6F781D00552816 /* AppDelegate.h */ = {isa = PBXFileReference; lastKnownFileType = sourcecode.c.h; path = AppDelegate.h; sourceTree = "<group>"; };
		771A05E21B6F781D00552816 /* AppDelegate.m */ = {isa = PBXFileReference; lastKnownFileType = sourcecode.c.objc; path = AppDelegate.m; sourceTree = "<group>"; };
		771A05E81B6F781D00552816 /* Base */ = {isa = PBXFileReference; lastKnownFileType = file.storyboard; name = Base; path = Base.lproj/Main.storyboard; sourceTree = "<group>"; };
		771A05ED1B6F781D00552816 /* Base */ = {isa = PBXFileReference; lastKnownFileType = file.xib; name = Base; path = Base.lproj/LaunchScreen.xib; sourceTree = "<group>"; };
		771FF5DE1B7B3B8C00BF8D94 /* APMusicalInstrument.h */ = {isa = PBXFileReference; fileEncoding = 4; lastKnownFileType = sourcecode.c.h; path = APMusicalInstrument.h; sourceTree = "<group>"; };
		771FF5DF1B7B3B8C00BF8D94 /* APMusicalInstrument.m */ = {isa = PBXFileReference; fileEncoding = 4; lastKnownFileType = sourcecode.c.objc; path = APMusicalInstrument.m; sourceTree = "<group>"; };
		771FF5E21B7B3B8C00BF8D94 /* APMusicalInstrumentTableCell.h */ = {isa = PBXFileReference; fileEncoding = 4; lastKnownFileType = sourcecode.c.h; path = APMusicalInstrumentTableCell.h; sourceTree = "<group>"; };
		771FF5E31B7B3B8C00BF8D94 /* APMusicalInstrumentTableCell.m */ = {isa = PBXFileReference; fileEncoding = 4; lastKnownFileType = sourcecode.c.objc; path = APMusicalInstrumentTableCell.m; sourceTree = "<group>"; };
		771FF5E51B7B3B8C00BF8D94 /* UIImage+StudyingMusicalInstruments.h */ = {isa = PBXFileReference; fileEncoding = 4; lastKnownFileType = sourcecode.c.h; path = "UIImage+StudyingMusicalInstruments.h"; sourceTree = "<group>"; };
		771FF5E61B7B3B8C00BF8D94 /* UIImage+StudyingMusicalInstruments.m */ = {isa = PBXFileReference; fileEncoding = 4; lastKnownFileType = sourcecode.c.objc; path = "UIImage+StudyingMusicalInstruments.m"; sourceTree = "<group>"; };
		771FF5ED1B7B3B8C00BF8D94 /* APMusicalInstrumentsManager.h */ = {isa = PBXFileReference; fileEncoding = 4; lastKnownFileType = sourcecode.c.h; path = APMusicalInstrumentsManager.h; sourceTree = "<group>"; };
		771FF5EE1B7B3B8C00BF8D94 /* APMusicalInstrumentsManager.m */ = {isa = PBXFileReference; fileEncoding = 4; lastKnownFileType = sourcecode.c.objc; path = APMusicalInstrumentsManager.m; sourceTree = "<group>"; };
		771FF5F61B7B3CB300BF8D94 /* APMusicalInstrunemtsTableViewController.h */ = {isa = PBXFileReference; fileEncoding = 4; lastKnownFileType = sourcecode.c.h; path = APMusicalInstrunemtsTableViewController.h; sourceTree = "<group>"; };
		771FF5F71B7B3CB300BF8D94 /* APMusicalInstrunemtsTableViewController.m */ = {isa = PBXFileReference; fileEncoding = 4; lastKnownFileType = sourcecode.c.objc; path = APMusicalInstrunemtsTableViewController.m; sourceTree = "<group>"; };
		773C32431B83C5F500AA12BC /* APValidator.h */ = {isa = PBXFileReference; fileEncoding = 4; lastKnownFileType = sourcecode.c.h; name = APValidator.h; path = StudyingMusicalInstruments/Services/APValidator.h; sourceTree = "<group>"; };
		773C32441B83C5F500AA12BC /* APValidator.m */ = {isa = PBXFileReference; fileEncoding = 4; lastKnownFileType = sourcecode.c.objc; name = APValidator.m; path = StudyingMusicalInstruments/Services/APValidator.m; sourceTree = "<group>"; };
		773C32461B83C7CB00AA12BC /* APMusicalInstrunemtFactory.h */ = {isa = PBXFileReference; fileEncoding = 4; lastKnownFileType = sourcecode.c.h; name = APMusicalInstrunemtFactory.h; path = StudyingMusicalInstruments/APMusicalInstrunemtFactory.h; sourceTree = "<group>"; };
		773C32471B83C7CB00AA12BC /* APMusicalInstrunemtFactory.m */ = {isa = PBXFileReference; fileEncoding = 4; lastKnownFileType = sourcecode.c.objc; name = APMusicalInstrunemtFactory.m; path = StudyingMusicalInstruments/APMusicalInstrunemtFactory.m; sourceTree = "<group>"; };
		773C32491B86135D00AA12BC /* NSString+APMusicalInstrumentsManager.h */ = {isa = PBXFileReference; fileEncoding = 4; lastKnownFileType = sourcecode.c.h; path = "NSString+APMusicalInstrumentsManager.h"; sourceTree = "<group>"; };
		773C324A1B86135D00AA12BC /* NSString+APMusicalInstrumentsManager.m */ = {isa = PBXFileReference; fileEncoding = 4; lastKnownFileType = sourcecode.c.objc; path = "NSString+APMusicalInstrumentsManager.m"; sourceTree = "<group>"; };
		774A648A1B7BFD4E00C58E36 /* Localizable.strings */ = {isa = PBXFileReference; fileEncoding = 4; lastKnownFileType = text.plist.strings; path = Localizable.strings; sourceTree = "<group>"; };
		774A648C1B7BFD7900C58E36 /* MusicInstruments.plist */ = {isa = PBXFileReference; fileEncoding = 4; lastKnownFileType = text.plist.xml; path = MusicInstruments.plist; sourceTree = "<group>"; };
		774F22EA1B862A3100C94414 /* APMusicInstrumentsDataSource.h */ = {isa = PBXFileReference; fileEncoding = 4; lastKnownFileType = sourcecode.c.h; path = APMusicInstrumentsDataSource.h; sourceTree = "<group>"; };
		774F22EB1B862A3100C94414 /* APMusicInstrumentsDataSource.m */ = {isa = PBXFileReference; fileEncoding = 4; lastKnownFileType = sourcecode.c.objc; path = APMusicInstrumentsDataSource.m; sourceTree = "<group>"; };
		774F22ED1B877E0C00C94414 /* APMusicalInstrumentsCollectionViewController.h */ = {isa = PBXFileReference; fileEncoding = 4; lastKnownFileType = sourcecode.c.h; path = APMusicalInstrumentsCollectionViewController.h; sourceTree = "<group>"; };
		774F22EE1B877E0C00C94414 /* APMusicalInstrumentsCollectionViewController.m */ = {isa = PBXFileReference; fileEncoding = 4; lastKnownFileType = sourcecode.c.objc; path = APMusicalInstrumentsCollectionViewController.m; sourceTree = "<group>"; };
		77CFE8D41B725446006A3CF5 /* Images.xcassets */ = {isa = PBXFileReference; lastKnownFileType = folder.assetcatalog; path = Images.xcassets; sourceTree = "<group>"; };
/* End PBXFileReference section */

/* Begin PBXFrameworksBuildPhase section */
		771A05D71B6F781D00552816 /* Frameworks */ = {
			isa = PBXFrameworksBuildPhase;
			buildActionMask = 2147483647;
			files = (
			);
			runOnlyForDeploymentPostprocessing = 0;
		};
/* End PBXFrameworksBuildPhase section */

/* Begin PBXGroup section */
		771712B41B7233A000AFEB4D /* Resource */ = {
			isa = PBXGroup;
			children = (
				774A648C1B7BFD7900C58E36 /* MusicInstruments.plist */,
				774A648A1B7BFD4E00C58E36 /* Localizable.strings */,
			);
			path = Resource;
			sourceTree = "<group>";
		};
		771A05D11B6F781D00552816 = {
			isa = PBXGroup;
			children = (
				771A05DC1B6F781D00552816 /* StudyingMusicalInstruments */,
				771A05DB1B6F781D00552816 /* Products */,
			);
			sourceTree = "<group>";
		};
		771A05DB1B6F781D00552816 /* Products */ = {
			isa = PBXGroup;
			children = (
				771A05DA1B6F781D00552816 /* StudyingMusicalInstruments.app */,
			);
			name = Products;
			sourceTree = "<group>";
		};
		771A05DC1B6F781D00552816 /* StudyingMusicalInstruments */ = {
			isa = PBXGroup;
			children = (
				771FF5DC1B7B3B8C00BF8D94 /* Models */,
				771FF5EB1B7B3B8C00BF8D94 /* Services */,
				771FF5E01B7B3B8C00BF8D94 /* Presentation */,
				771A05E11B6F781D00552816 /* AppDelegate.h */,
				771A05E21B6F781D00552816 /* AppDelegate.m */,
				771A05E71B6F781D00552816 /* Main.storyboard */,
				771A05EC1B6F781D00552816 /* LaunchScreen.xib */,
				77CFE8D41B725446006A3CF5 /* Images.xcassets */,
				771712B41B7233A000AFEB4D /* Resource */,
				771A05DD1B6F781D00552816 /* Supporting Files */,
			);
			path = StudyingMusicalInstruments;
			sourceTree = "<group>";
		};
		771A05DD1B6F781D00552816 /* Supporting Files */ = {
			isa = PBXGroup;
			children = (
				771A05DE1B6F781D00552816 /* Info.plist */,
				771A05DF1B6F781D00552816 /* main.m */,
			);
			name = "Supporting Files";
			sourceTree = "<group>";
		};
		771FF5DC1B7B3B8C00BF8D94 /* Models */ = {
			isa = PBXGroup;
			children = (
				771FF5DD1B7B3B8C00BF8D94 /* MusicalInstrument */,
			);
			path = Models;
			sourceTree = "<group>";
		};
		771FF5DD1B7B3B8C00BF8D94 /* MusicalInstrument */ = {
			isa = PBXGroup;
			children = (
				771FF5DE1B7B3B8C00BF8D94 /* APMusicalInstrument.h */,
				771FF5DF1B7B3B8C00BF8D94 /* APMusicalInstrument.m */,
			);
			path = MusicalInstrument;
			sourceTree = "<group>";
		};
		771FF5E01B7B3B8C00BF8D94 /* Presentation */ = {
			isa = PBXGroup;
			children = (
				771FF5E41B7B3B8C00BF8D94 /* Utils */,
				771FF5F41B7B3CB300BF8D94 /* ViewControllers */,
				771FF5EA1B7B3B8C00BF8D94 /* Views */,
			);
			path = Presentation;
			sourceTree = "<group>";
		};
		771FF5E11B7B3B8C00BF8D94 /* APMusicalInstrumentTableCell */ = {
			isa = PBXGroup;
			children = (
				771FF5E21B7B3B8C00BF8D94 /* APMusicalInstrumentTableCell.h */,
				771FF5E31B7B3B8C00BF8D94 /* APMusicalInstrumentTableCell.m */,
			);
			name = APMusicalInstrumentTableCell;
			path = MusicalInstrumentCell;
			sourceTree = "<group>";
		};
		771FF5E41B7B3B8C00BF8D94 /* Utils */ = {
			isa = PBXGroup;
			children = (
				77AF40401B8A36F4002BBF95 /* NSString+APMusicalInstrumentsManager */,
				771FF5E51B7B3B8C00BF8D94 /* UIImage+StudyingMusicalInstruments.h */,
				771FF5E61B7B3B8C00BF8D94 /* UIImage+StudyingMusicalInstruments.m */,
			);
			path = Utils;
			sourceTree = "<group>";
		};
		771FF5EA1B7B3B8C00BF8D94 /* Views */ = {
			isa = PBXGroup;
			children = (
				77AF40441B8A373D002BBF95 /* APMusicalInstrumentCollectionCell */,
				771FF5E11B7B3B8C00BF8D94 /* APMusicalInstrumentTableCell */,
			);
			path = Views;
			sourceTree = "<group>";
		};
		771FF5EB1B7B3B8C00BF8D94 /* Services */ = {
			isa = PBXGroup;
			children = (
				77AF403F1B8A36E5002BBF95 /* APMusicInstrumentsDataSource */,
				77AF403D1B8A36AC002BBF95 /* APValidator */,
				77AF403E1B8A36B3002BBF95 /* APMusicalInstrunemtFactory */,
				771FF5EC1B7B3B8C00BF8D94 /* MusicalInstrumentsManager */,
			);
			path = Services;
			sourceTree = "<group>";
		};
		771FF5EC1B7B3B8C00BF8D94 /* MusicalInstrumentsManager */ = {
			isa = PBXGroup;
			children = (
				771FF5ED1B7B3B8C00BF8D94 /* APMusicalInstrumentsManager.h */,
				771FF5EE1B7B3B8C00BF8D94 /* APMusicalInstrumentsManager.m */,
			);
			path = MusicalInstrumentsManager;
			sourceTree = "<group>";
		};
		771FF5F41B7B3CB300BF8D94 /* ViewControllers */ = {
			isa = PBXGroup;
			children = (
				77AF40431B8A3725002BBF95 /* APMusicalInstrunemtsNavigationController */,
				77AF40421B8A3718002BBF95 /* APAddMusicalInstrumentViewController */,
				77AF40411B8A370F002BBF95 /* APMusicalInstrumentsCollectionViewController */,
				771FF5F51B7B3CB300BF8D94 /* APMusicalInstrunemtsTableViewController */,
			);
			name = ViewControllers;
			path = StudyingMusicalInstruments/Presentation/ViewControllers;
			sourceTree = SOURCE_ROOT;
		};
		771FF5F51B7B3CB300BF8D94 /* APMusicalInstrunemtsTableViewController */ = {
			isa = PBXGroup;
			children = (
				771FF5F61B7B3CB300BF8D94 /* APMusicalInstrunemtsTableViewController.h */,
				771FF5F71B7B3CB300BF8D94 /* APMusicalInstrunemtsTableViewController.m */,
			);
			name = APMusicalInstrunemtsTableViewController;
			path = MusicalInstrunemtsViewController;
			sourceTree = "<group>";
		};
		77AF403D1B8A36AC002BBF95 /* APValidator */ = {
			isa = PBXGroup;
			children = (
				773C32431B83C5F500AA12BC /* APValidator.h */,
				773C32441B83C5F500AA12BC /* APValidator.m */,
			);
			name = APValidator;
			path = ../..;
			sourceTree = "<group>";
		};
		77AF403E1B8A36B3002BBF95 /* APMusicalInstrunemtFactory */ = {
			isa = PBXGroup;
			children = (
				773C32461B83C7CB00AA12BC /* APMusicalInstrunemtFactory.h */,
				773C32471B83C7CB00AA12BC /* APMusicalInstrunemtFactory.m */,
			);
			name = APMusicalInstrunemtFactory;
			path = ../..;
			sourceTree = "<group>";
		};
		77AF403F1B8A36E5002BBF95 /* APMusicInstrumentsDataSource */ = {
			isa = PBXGroup;
			children = (
				774F22EA1B862A3100C94414 /* APMusicInstrumentsDataSource.h */,
				774F22EB1B862A3100C94414 /* APMusicInstrumentsDataSource.m */,
			);
			name = APMusicInstrumentsDataSource;
			path = MusicalInstrumentsManager;
			sourceTree = "<group>";
		};
		77AF40401B8A36F4002BBF95 /* NSString+APMusicalInstrumentsManager */ = {
			isa = PBXGroup;
			children = (
				773C32491B86135D00AA12BC /* NSString+APMusicalInstrumentsManager.h */,
				773C324A1B86135D00AA12BC /* NSString+APMusicalInstrumentsManager.m */,
			);
			name = "NSString+APMusicalInstrumentsManager";
			path = ../../Services/MusicalInstrumentsManager;
			sourceTree = "<group>";
		};
		77AF40411B8A370F002BBF95 /* APMusicalInstrumentsCollectionViewController */ = {
			isa = PBXGroup;
			children = (
				774F22ED1B877E0C00C94414 /* APMusicalInstrumentsCollectionViewController.h */,
				774F22EE1B877E0C00C94414 /* APMusicalInstrumentsCollectionViewController.m */,
			);
			name = APMusicalInstrumentsCollectionViewController;
			path = MusicalInstrunemtsViewController;
			sourceTree = "<group>";
		};
		77AF40421B8A3718002BBF95 /* APAddMusicalInstrumentViewController */ = {
			isa = PBXGroup;
			children = (
				770DCF771B89150F00FC63E9 /* APAddMusicalInstrumentViewController.h */,
				770DCF781B89150F00FC63E9 /* APAddMusicalInstrumentViewController.m */,
			);
			name = APAddMusicalInstrumentViewController;
			path = MusicalInstrunemtsViewController;
			sourceTree = "<group>";
		};
		77AF40431B8A3725002BBF95 /* APMusicalInstrunemtsNavigationController */ = {
			isa = PBXGroup;
			children = (
				770DCF741B88DD7100FC63E9 /* APMusicalInstrunemtsNavigationController.h */,
				770DCF751B88DD7100FC63E9 /* APMusicalInstrunemtsNavigationController.m */,
			);
			name = APMusicalInstrunemtsNavigationController;
			path = MusicalInstrunemtsViewController;
			sourceTree = "<group>";
		};
		77AF40441B8A373D002BBF95 /* APMusicalInstrumentCollectionCell */ = {
			isa = PBXGroup;
			children = (
				770DCF711B87D6EC00FC63E9 /* APMusicalInstrumentCollectionCell.h */,
				770DCF721B87D6EC00FC63E9 /* APMusicalInstrumentCollectionCell.m */,
			);
			name = APMusicalInstrumentCollectionCell;
			path = MusicalInstrumentCell;
			sourceTree = "<group>";
		};
/* End PBXGroup section */

/* Begin PBXNativeTarget section */
		771A05D91B6F781D00552816 /* StudyingMusicalInstruments */ = {
			isa = PBXNativeTarget;
			buildConfigurationList = 771A05FD1B6F781D00552816 /* Build configuration list for PBXNativeTarget "StudyingMusicalInstruments" */;
			buildPhases = (
				771A05D61B6F781D00552816 /* Sources */,
				771A05D71B6F781D00552816 /* Frameworks */,
				771A05D81B6F781D00552816 /* Resources */,
			);
			buildRules = (
			);
			dependencies = (
			);
			name = StudyingMusicalInstruments;
			productName = studyingMusicalInstruments;
			productReference = 771A05DA1B6F781D00552816 /* StudyingMusicalInstruments.app */;
			productType = "com.apple.product-type.application";
		};
/* End PBXNativeTarget section */

/* Begin PBXProject section */
		771A05D21B6F781D00552816 /* Project object */ = {
			isa = PBXProject;
			attributes = {
				LastUpgradeCheck = 0640;
				ORGANIZATIONNAME = "Андрей";
				TargetAttributes = {
					771A05D91B6F781D00552816 = {
						CreatedOnToolsVersion = 6.4;
					};
				};
			};
			buildConfigurationList = 771A05D51B6F781D00552816 /* Build configuration list for PBXProject "StudyingMusicalInstruments" */;
			compatibilityVersion = "Xcode 3.2";
			developmentRegion = English;
			hasScannedForEncodings = 0;
			knownRegions = (
				en,
				Base,
			);
			mainGroup = 771A05D11B6F781D00552816;
			productRefGroup = 771A05DB1B6F781D00552816 /* Products */;
			projectDirPath = "";
			projectRoot = "";
			targets = (
				771A05D91B6F781D00552816 /* StudyingMusicalInstruments */,
			);
		};
/* End PBXProject section */

/* Begin PBXResourcesBuildPhase section */
		771A05D81B6F781D00552816 /* Resources */ = {
			isa = PBXResourcesBuildPhase;
			buildActionMask = 2147483647;
			files = (
				774A648B1B7BFD4E00C58E36 /* Localizable.strings in Resources */,
				771A05E91B6F781D00552816 /* Main.storyboard in Resources */,
				77CFE8D51B725446006A3CF5 /* Images.xcassets in Resources */,
				771A05EE1B6F781D00552816 /* LaunchScreen.xib in Resources */,
				774A648D1B7BFD7900C58E36 /* MusicInstruments.plist in Resources */,
			);
			runOnlyForDeploymentPostprocessing = 0;
		};
/* End PBXResourcesBuildPhase section */

/* Begin PBXSourcesBuildPhase section */
		771A05D61B6F781D00552816 /* Sources */ = {
			isa = PBXSourcesBuildPhase;
			buildActionMask = 2147483647;
			files = (
				771FF5F81B7B3CB300BF8D94 /* APMusicalInstrunemtsTableViewController.m in Sources */,
				771FF5F31B7B3B8C00BF8D94 /* APMusicalInstrumentsManager.m in Sources */,
				774F22EF1B877E0C00C94414 /* APMusicalInstrumentsCollectionViewController.m in Sources */,
				773C32481B83C7CB00AA12BC /* APMusicalInstrunemtFactory.m in Sources */,
				771FF5F01B7B3B8C00BF8D94 /* APMusicalInstrumentTableCell.m in Sources */,
				773C324B1B86135D00AA12BC /* NSString+APMusicalInstrumentsManager.m in Sources */,
				771FF5EF1B7B3B8C00BF8D94 /* APMusicalInstrument.m in Sources */,
				771A05E31B6F781D00552816 /* AppDelegate.m in Sources */,
				774F22EC1B862A3100C94414 /* APMusicInstrumentsDataSource.m in Sources */,
				770DCF791B89150F00FC63E9 /* APAddMusicalInstrumentViewController.m in Sources */,
				771A05E01B6F781D00552816 /* main.m in Sources */,
				770DCF761B88DD7100FC63E9 /* APMusicalInstrunemtsNavigationController.m in Sources */,
				770DCF731B87D6EC00FC63E9 /* APMusicalInstrumentCollectionCell.m in Sources */,
				771FF5F11B7B3B8C00BF8D94 /* UIImage+StudyingMusicalInstruments.m in Sources */,
				773C32451B83C5F500AA12BC /* APValidator.m in Sources */,
			);
			runOnlyForDeploymentPostprocessing = 0;
		};
/* End PBXSourcesBuildPhase section */

/* Begin PBXVariantGroup section */
		771A05E71B6F781D00552816 /* Main.storyboard */ = {
			isa = PBXVariantGroup;
			children = (
				771A05E81B6F781D00552816 /* Base */,
			);
			name = Main.storyboard;
			sourceTree = "<group>";
		};
		771A05EC1B6F781D00552816 /* LaunchScreen.xib */ = {
			isa = PBXVariantGroup;
			children = (
				771A05ED1B6F781D00552816 /* Base */,
			);
			name = LaunchScreen.xib;
			sourceTree = "<group>";
		};
/* End PBXVariantGroup section */

/* Begin XCBuildConfiguration section */
		771A05FB1B6F781D00552816 /* Debug */ = {
			isa = XCBuildConfiguration;
			buildSettings = {
				ALWAYS_SEARCH_USER_PATHS = NO;
				CLANG_CXX_LANGUAGE_STANDARD = "gnu++0x";
				CLANG_CXX_LIBRARY = "libc++";
				CLANG_ENABLE_MODULES = YES;
				CLANG_ENABLE_OBJC_ARC = YES;
				CLANG_WARN_BOOL_CONVERSION = YES;
				CLANG_WARN_CONSTANT_CONVERSION = YES;
				CLANG_WARN_DIRECT_OBJC_ISA_USAGE = YES_ERROR;
				CLANG_WARN_EMPTY_BODY = YES;
				CLANG_WARN_ENUM_CONVERSION = YES;
				CLANG_WARN_INT_CONVERSION = YES;
				CLANG_WARN_OBJC_ROOT_CLASS = YES_ERROR;
				CLANG_WARN_UNREACHABLE_CODE = YES;
				CLANG_WARN__DUPLICATE_METHOD_MATCH = YES;
				"CODE_SIGN_IDENTITY[sdk=iphoneos*]" = "iPhone Developer";
				COPY_PHASE_STRIP = NO;
				DEBUG_INFORMATION_FORMAT = "dwarf-with-dsym";
				ENABLE_STRICT_OBJC_MSGSEND = YES;
				GCC_C_LANGUAGE_STANDARD = gnu99;
				GCC_DYNAMIC_NO_PIC = NO;
				GCC_NO_COMMON_BLOCKS = YES;
				GCC_OPTIMIZATION_LEVEL = 0;
				GCC_PREPROCESSOR_DEFINITIONS = (
					"DEBUG=1",
					"$(inherited)",
				);
				GCC_SYMBOLS_PRIVATE_EXTERN = NO;
				GCC_WARN_64_TO_32_BIT_CONVERSION = YES;
				GCC_WARN_ABOUT_RETURN_TYPE = YES_ERROR;
				GCC_WARN_UNDECLARED_SELECTOR = YES;
				GCC_WARN_UNINITIALIZED_AUTOS = YES_AGGRESSIVE;
				GCC_WARN_UNUSED_FUNCTION = YES;
				GCC_WARN_UNUSED_VARIABLE = YES;
				IPHONEOS_DEPLOYMENT_TARGET = 8.4;
				MTL_ENABLE_DEBUG_INFO = YES;
				ONLY_ACTIVE_ARCH = YES;
				SDKROOT = iphoneos;
				TARGETED_DEVICE_FAMILY = "1,2";
			};
			name = Debug;
		};
		771A05FC1B6F781D00552816 /* Release */ = {
			isa = XCBuildConfiguration;
			buildSettings = {
				ALWAYS_SEARCH_USER_PATHS = NO;
				CLANG_CXX_LANGUAGE_STANDARD = "gnu++0x";
				CLANG_CXX_LIBRARY = "libc++";
				CLANG_ENABLE_MODULES = YES;
				CLANG_ENABLE_OBJC_ARC = YES;
				CLANG_WARN_BOOL_CONVERSION = YES;
				CLANG_WARN_CONSTANT_CONVERSION = YES;
				CLANG_WARN_DIRECT_OBJC_ISA_USAGE = YES_ERROR;
				CLANG_WARN_EMPTY_BODY = YES;
				CLANG_WARN_ENUM_CONVERSION = YES;
				CLANG_WARN_INT_CONVERSION = YES;
				CLANG_WARN_OBJC_ROOT_CLASS = YES_ERROR;
				CLANG_WARN_UNREACHABLE_CODE = YES;
				CLANG_WARN__DUPLICATE_METHOD_MATCH = YES;
				"CODE_SIGN_IDENTITY[sdk=iphoneos*]" = "iPhone Developer";
				COPY_PHASE_STRIP = NO;
				DEBUG_INFORMATION_FORMAT = "dwarf-with-dsym";
				ENABLE_NS_ASSERTIONS = NO;
				ENABLE_STRICT_OBJC_MSGSEND = YES;
				GCC_C_LANGUAGE_STANDARD = gnu99;
				GCC_NO_COMMON_BLOCKS = YES;
				GCC_WARN_64_TO_32_BIT_CONVERSION = YES;
				GCC_WARN_ABOUT_RETURN_TYPE = YES_ERROR;
				GCC_WARN_UNDECLARED_SELECTOR = YES;
				GCC_WARN_UNINITIALIZED_AUTOS = YES_AGGRESSIVE;
				GCC_WARN_UNUSED_FUNCTION = YES;
				GCC_WARN_UNUSED_VARIABLE = YES;
				IPHONEOS_DEPLOYMENT_TARGET = 8.4;
				MTL_ENABLE_DEBUG_INFO = NO;
				SDKROOT = iphoneos;
				TARGETED_DEVICE_FAMILY = "1,2";
				VALIDATE_PRODUCT = YES;
			};
			name = Release;
		};
		771A05FE1B6F781D00552816 /* Debug */ = {
			isa = XCBuildConfiguration;
			buildSettings = {
				ASSETCATALOG_COMPILER_APPICON_NAME = AppIcon;
				INFOPLIST_FILE = studyingMusicalInstruments/Info.plist;
				IPHONEOS_DEPLOYMENT_TARGET = 8.2;
				LD_RUNPATH_SEARCH_PATHS = "$(inherited) @executable_path/Frameworks";
				PRODUCT_NAME = StudyingMusicalInstruments;
			};
			name = Debug;
		};
		771A05FF1B6F781D00552816 /* Release */ = {
			isa = XCBuildConfiguration;
			buildSettings = {
				ASSETCATALOG_COMPILER_APPICON_NAME = AppIcon;
				INFOPLIST_FILE = studyingMusicalInstruments/Info.plist;
				IPHONEOS_DEPLOYMENT_TARGET = 8.2;
				LD_RUNPATH_SEARCH_PATHS = "$(inherited) @executable_path/Frameworks";
				PRODUCT_NAME = StudyingMusicalInstruments;
			};
			name = Release;
		};
/* End XCBuildConfiguration section */

/* Begin XCConfigurationList section */
		771A05D51B6F781D00552816 /* Build configuration list for PBXProject "StudyingMusicalInstruments" */ = {
			isa = XCConfigurationList;
			buildConfigurations = (
				771A05FB1B6F781D00552816 /* Debug */,
				771A05FC1B6F781D00552816 /* Release */,
			);
			defaultConfigurationIsVisible = 0;
			defaultConfigurationName = Release;
		};
		771A05FD1B6F781D00552816 /* Build configuration list for PBXNativeTarget "StudyingMusicalInstruments" */ = {
			isa = XCConfigurationList;
			buildConfigurations = (
				771A05FE1B6F781D00552816 /* Debug */,
				771A05FF1B6F781D00552816 /* Release */,
			);
			defaultConfigurationIsVisible = 0;
			defaultConfigurationName = Release;
		};
/* End XCConfigurationList section */
	};
	rootObject = 771A05D21B6F781D00552816 /* Project object */;
}
